// !$*UTF8*$!
{
	archiveVersion = 1;
	classes = {
	};
	objectVersion = 56;
	objects = {

/* Begin PBXBuildFile section */
		FA0A85C82964864D0017BBC0 /* LocationView.swift in Sources */ = {isa = PBXBuildFile; fileRef = FA0A85C72964864D0017BBC0 /* LocationView.swift */; };
		FA0A85CA296486840017BBC0 /* LocationItemView.swift in Sources */ = {isa = PBXBuildFile; fileRef = FA0A85C9296486840017BBC0 /* LocationItemView.swift */; };
		FA0A85CC29648ECE0017BBC0 /* EpisodesView.swift in Sources */ = {isa = PBXBuildFile; fileRef = FA0A85CB29648ECE0017BBC0 /* EpisodesView.swift */; };
		FA0A85CE29648EE20017BBC0 /* EpisodeItemView.swift in Sources */ = {isa = PBXBuildFile; fileRef = FA0A85CD29648EE20017BBC0 /* EpisodeItemView.swift */; };
		FA0CAD60296295BB00829673 /* RickAndMortyApp.swift in Sources */ = {isa = PBXBuildFile; fileRef = FA0CAD5F296295BB00829673 /* RickAndMortyApp.swift */; };
		FA0CAD62296295BB00829673 /* ContentView.swift in Sources */ = {isa = PBXBuildFile; fileRef = FA0CAD61296295BB00829673 /* ContentView.swift */; };
		FA0CAD64296295BD00829673 /* Assets.xcassets in Resources */ = {isa = PBXBuildFile; fileRef = FA0CAD63296295BD00829673 /* Assets.xcassets */; };
		FA0CAD67296295BD00829673 /* Preview Assets.xcassets in Resources */ = {isa = PBXBuildFile; fileRef = FA0CAD66296295BD00829673 /* Preview Assets.xcassets */; };
		FA0CAD71296295BD00829673 /* RickAndMortyTests.swift in Sources */ = {isa = PBXBuildFile; fileRef = FA0CAD70296295BD00829673 /* RickAndMortyTests.swift */; };
		FA0CAD7B296295BD00829673 /* RickAndMortyUITests.swift in Sources */ = {isa = PBXBuildFile; fileRef = FA0CAD7A296295BD00829673 /* RickAndMortyUITests.swift */; };
		FA0CAD7D296295BD00829673 /* RickAndMortyUITestsLaunchTests.swift in Sources */ = {isa = PBXBuildFile; fileRef = FA0CAD7C296295BD00829673 /* RickAndMortyUITestsLaunchTests.swift */; };
		FA0CAD8E2962965000829673 /* LocationModels.swift in Sources */ = {isa = PBXBuildFile; fileRef = FA0CAD8D2962965000829673 /* LocationModels.swift */; };
		FA0CAD922962971200829673 /* SharedModel.swift in Sources */ = {isa = PBXBuildFile; fileRef = FA0CAD912962971200829673 /* SharedModel.swift */; };
		FA0CAD96296297FF00829673 /* CharacterModels.swift in Sources */ = {isa = PBXBuildFile; fileRef = FA0CAD95296297FF00829673 /* CharacterModels.swift */; };
		FA0CAD982962990200829673 /* EpisodeModels.swift in Sources */ = {isa = PBXBuildFile; fileRef = FA0CAD972962990200829673 /* EpisodeModels.swift */; };
		FA0CAD9F29629C3000829673 /* CharacterListViewStates.swift in Sources */ = {isa = PBXBuildFile; fileRef = FA0CAD9E29629C3000829673 /* CharacterListViewStates.swift */; };
		FA21F932296710B500F005A4 /* LocationNetworkProtocol.swift in Sources */ = {isa = PBXBuildFile; fileRef = FA21F931296710B500F005A4 /* LocationNetworkProtocol.swift */; };
		FA21F9352967114200F005A4 /* CharacterNetworkProtocol.swift in Sources */ = {isa = PBXBuildFile; fileRef = FA21F9342967114200F005A4 /* CharacterNetworkProtocol.swift */; };
		FA21F9372967118900F005A4 /* LocationNetworkService.swift in Sources */ = {isa = PBXBuildFile; fileRef = FA21F9362967118900F005A4 /* LocationNetworkService.swift */; };
		FA21F93A296712D800F005A4 /* CharacterNetworkService.swift in Sources */ = {isa = PBXBuildFile; fileRef = FA21F939296712D800F005A4 /* CharacterNetworkService.swift */; };
		FA21F93D2967153600F005A4 /* EpisodesViewModel.swift in Sources */ = {isa = PBXBuildFile; fileRef = FA21F93C2967153600F005A4 /* EpisodesViewModel.swift */; };
		FA658A6329653AA500812E1A /* RMNetworkClient.swift in Sources */ = {isa = PBXBuildFile; fileRef = FA658A6229653AA500812E1A /* RMNetworkClient.swift */; };
		FA658A662965406A00812E1A /* EpisodeNetworkProtocol.swift in Sources */ = {isa = PBXBuildFile; fileRef = FA658A652965406A00812E1A /* EpisodeNetworkProtocol.swift */; };
		FA658A692965411400812E1A /* EpisodeNetworkService.swift in Sources */ = {isa = PBXBuildFile; fileRef = FA658A682965411400812E1A /* EpisodeNetworkService.swift */; };
		FA658A6B2965437D00812E1A /* EpisodeResponseModels.swift in Sources */ = {isa = PBXBuildFile; fileRef = FA658A6A2965437D00812E1A /* EpisodeResponseModels.swift */; };
/* End PBXBuildFile section */

/* Begin PBXContainerItemProxy section */
		FA0CAD6D296295BD00829673 /* PBXContainerItemProxy */ = {
			isa = PBXContainerItemProxy;
			containerPortal = FA0CAD54296295BB00829673 /* Project object */;
			proxyType = 1;
			remoteGlobalIDString = FA0CAD5B296295BB00829673;
			remoteInfo = RickAndMorty;
		};
		FA0CAD77296295BD00829673 /* PBXContainerItemProxy */ = {
			isa = PBXContainerItemProxy;
			containerPortal = FA0CAD54296295BB00829673 /* Project object */;
			proxyType = 1;
			remoteGlobalIDString = FA0CAD5B296295BB00829673;
			remoteInfo = RickAndMorty;
		};
/* End PBXContainerItemProxy section */

/* Begin PBXFileReference section */
		FA0A85C72964864D0017BBC0 /* LocationView.swift */ = {isa = PBXFileReference; lastKnownFileType = sourcecode.swift; path = LocationView.swift; sourceTree = "<group>"; };
		FA0A85C9296486840017BBC0 /* LocationItemView.swift */ = {isa = PBXFileReference; lastKnownFileType = sourcecode.swift; path = LocationItemView.swift; sourceTree = "<group>"; };
		FA0A85CB29648ECE0017BBC0 /* EpisodesView.swift */ = {isa = PBXFileReference; lastKnownFileType = sourcecode.swift; path = EpisodesView.swift; sourceTree = "<group>"; };
		FA0A85CD29648EE20017BBC0 /* EpisodeItemView.swift */ = {isa = PBXFileReference; lastKnownFileType = sourcecode.swift; path = EpisodeItemView.swift; sourceTree = "<group>"; };
		FA0CAD5C296295BB00829673 /* RickAndMorty.app */ = {isa = PBXFileReference; explicitFileType = wrapper.application; includeInIndex = 0; path = RickAndMorty.app; sourceTree = BUILT_PRODUCTS_DIR; };
		FA0CAD5F296295BB00829673 /* RickAndMortyApp.swift */ = {isa = PBXFileReference; lastKnownFileType = sourcecode.swift; path = RickAndMortyApp.swift; sourceTree = "<group>"; };
		FA0CAD61296295BB00829673 /* ContentView.swift */ = {isa = PBXFileReference; lastKnownFileType = sourcecode.swift; path = ContentView.swift; sourceTree = "<group>"; };
		FA0CAD63296295BD00829673 /* Assets.xcassets */ = {isa = PBXFileReference; lastKnownFileType = folder.assetcatalog; path = Assets.xcassets; sourceTree = "<group>"; };
		FA0CAD66296295BD00829673 /* Preview Assets.xcassets */ = {isa = PBXFileReference; lastKnownFileType = folder.assetcatalog; path = "Preview Assets.xcassets"; sourceTree = "<group>"; };
		FA0CAD6C296295BD00829673 /* RickAndMortyTests.xctest */ = {isa = PBXFileReference; explicitFileType = wrapper.cfbundle; includeInIndex = 0; path = RickAndMortyTests.xctest; sourceTree = BUILT_PRODUCTS_DIR; };
		FA0CAD70296295BD00829673 /* RickAndMortyTests.swift */ = {isa = PBXFileReference; lastKnownFileType = sourcecode.swift; path = RickAndMortyTests.swift; sourceTree = "<group>"; };
		FA0CAD76296295BD00829673 /* RickAndMortyUITests.xctest */ = {isa = PBXFileReference; explicitFileType = wrapper.cfbundle; includeInIndex = 0; path = RickAndMortyUITests.xctest; sourceTree = BUILT_PRODUCTS_DIR; };
		FA0CAD7A296295BD00829673 /* RickAndMortyUITests.swift */ = {isa = PBXFileReference; lastKnownFileType = sourcecode.swift; path = RickAndMortyUITests.swift; sourceTree = "<group>"; };
		FA0CAD7C296295BD00829673 /* RickAndMortyUITestsLaunchTests.swift */ = {isa = PBXFileReference; lastKnownFileType = sourcecode.swift; path = RickAndMortyUITestsLaunchTests.swift; sourceTree = "<group>"; };
		FA0CAD8D2962965000829673 /* LocationModels.swift */ = {isa = PBXFileReference; lastKnownFileType = sourcecode.swift; path = LocationModels.swift; sourceTree = "<group>"; };
		FA0CAD912962971200829673 /* SharedModel.swift */ = {isa = PBXFileReference; lastKnownFileType = sourcecode.swift; path = SharedModel.swift; sourceTree = "<group>"; };
		FA0CAD95296297FF00829673 /* CharacterModels.swift */ = {isa = PBXFileReference; lastKnownFileType = sourcecode.swift; path = CharacterModels.swift; sourceTree = "<group>"; };
		FA0CAD972962990200829673 /* EpisodeModels.swift */ = {isa = PBXFileReference; lastKnownFileType = sourcecode.swift; path = EpisodeModels.swift; sourceTree = "<group>"; };
		FA0CAD9E29629C3000829673 /* CharacterListViewStates.swift */ = {isa = PBXFileReference; lastKnownFileType = sourcecode.swift; path = CharacterListViewStates.swift; sourceTree = "<group>"; };
		FA21F931296710B500F005A4 /* LocationNetworkProtocol.swift */ = {isa = PBXFileReference; lastKnownFileType = sourcecode.swift; path = LocationNetworkProtocol.swift; sourceTree = "<group>"; };
		FA21F9342967114200F005A4 /* CharacterNetworkProtocol.swift */ = {isa = PBXFileReference; lastKnownFileType = sourcecode.swift; path = CharacterNetworkProtocol.swift; sourceTree = "<group>"; };
		FA21F9362967118900F005A4 /* LocationNetworkService.swift */ = {isa = PBXFileReference; lastKnownFileType = sourcecode.swift; path = LocationNetworkService.swift; sourceTree = "<group>"; };
		FA21F939296712D800F005A4 /* CharacterNetworkService.swift */ = {isa = PBXFileReference; lastKnownFileType = sourcecode.swift; path = CharacterNetworkService.swift; sourceTree = "<group>"; };
		FA21F93C2967153600F005A4 /* EpisodesViewModel.swift */ = {isa = PBXFileReference; lastKnownFileType = sourcecode.swift; path = EpisodesViewModel.swift; sourceTree = "<group>"; };
		FA658A6229653AA500812E1A /* RMNetworkClient.swift */ = {isa = PBXFileReference; lastKnownFileType = sourcecode.swift; path = RMNetworkClient.swift; sourceTree = "<group>"; };
		FA658A652965406A00812E1A /* EpisodeNetworkProtocol.swift */ = {isa = PBXFileReference; lastKnownFileType = sourcecode.swift; path = EpisodeNetworkProtocol.swift; sourceTree = "<group>"; };
		FA658A682965411400812E1A /* EpisodeNetworkService.swift */ = {isa = PBXFileReference; lastKnownFileType = sourcecode.swift; path = EpisodeNetworkService.swift; sourceTree = "<group>"; };
		FA658A6A2965437D00812E1A /* EpisodeResponseModels.swift */ = {isa = PBXFileReference; lastKnownFileType = sourcecode.swift; path = EpisodeResponseModels.swift; sourceTree = "<group>"; };
/* End PBXFileReference section */

/* Begin PBXFrameworksBuildPhase section */
		FA0CAD59296295BB00829673 /* Frameworks */ = {
			isa = PBXFrameworksBuildPhase;
			buildActionMask = 2147483647;
			files = (
			);
			runOnlyForDeploymentPostprocessing = 0;
		};
		FA0CAD69296295BD00829673 /* Frameworks */ = {
			isa = PBXFrameworksBuildPhase;
			buildActionMask = 2147483647;
			files = (
			);
			runOnlyForDeploymentPostprocessing = 0;
		};
		FA0CAD73296295BD00829673 /* Frameworks */ = {
			isa = PBXFrameworksBuildPhase;
			buildActionMask = 2147483647;
			files = (
			);
			runOnlyForDeploymentPostprocessing = 0;
		};
/* End PBXFrameworksBuildPhase section */

/* Begin PBXGroup section */
		FA0CAD53296295BB00829673 = {
			isa = PBXGroup;
			children = (
				FA0CAD5E296295BB00829673 /* RickAndMorty */,
				FA0CAD6F296295BD00829673 /* RickAndMortyTests */,
				FA0CAD79296295BD00829673 /* RickAndMortyUITests */,
				FA0CAD5D296295BB00829673 /* Products */,
			);
			sourceTree = "<group>";
		};
		FA0CAD5D296295BB00829673 /* Products */ = {
			isa = PBXGroup;
			children = (
				FA0CAD5C296295BB00829673 /* RickAndMorty.app */,
				FA0CAD6C296295BD00829673 /* RickAndMortyTests.xctest */,
				FA0CAD76296295BD00829673 /* RickAndMortyUITests.xctest */,
			);
			name = Products;
			sourceTree = "<group>";
		};
		FA0CAD5E296295BB00829673 /* RickAndMorty */ = {
			isa = PBXGroup;
			children = (
				FA0CAD8C2962963100829673 /* Network */,
				FA0CAD8B2962961600829673 /* Episode */,
				FA0CAD8A2962960F00829673 /* Location */,
				FA0CAD892962960500829673 /* Character */,
				FA0CAD5F296295BB00829673 /* RickAndMortyApp.swift */,
				FA0CAD61296295BB00829673 /* ContentView.swift */,
				FA0CAD63296295BD00829673 /* Assets.xcassets */,
				FA0CAD65296295BD00829673 /* Preview Content */,
			);
			path = RickAndMorty;
			sourceTree = "<group>";
		};
		FA0CAD65296295BD00829673 /* Preview Content */ = {
			isa = PBXGroup;
			children = (
				FA0CAD66296295BD00829673 /* Preview Assets.xcassets */,
			);
			path = "Preview Content";
			sourceTree = "<group>";
		};
		FA0CAD6F296295BD00829673 /* RickAndMortyTests */ = {
			isa = PBXGroup;
			children = (
				FA0CAD70296295BD00829673 /* RickAndMortyTests.swift */,
			);
			path = RickAndMortyTests;
			sourceTree = "<group>";
		};
		FA0CAD79296295BD00829673 /* RickAndMortyUITests */ = {
			isa = PBXGroup;
			children = (
				FA0CAD7A296295BD00829673 /* RickAndMortyUITests.swift */,
				FA0CAD7C296295BD00829673 /* RickAndMortyUITestsLaunchTests.swift */,
			);
			path = RickAndMortyUITests;
			sourceTree = "<group>";
		};
		FA0CAD892962960500829673 /* Character */ = {
			isa = PBXGroup;
			children = (
				FA21F938296712CB00F005A4 /* Services */,
				FA21F9332967112B00F005A4 /* Protocols */,
				FA0CAD9D29629C0C00829673 /* States */,
				FA0CAD9C29629BEA00829673 /* ViewModels */,
				FA0CAD9B29629A7700829673 /* Views */,
				FA0CAD95296297FF00829673 /* CharacterModels.swift */,
			);
			path = Character;
			sourceTree = "<group>";
		};
		FA0CAD8A2962960F00829673 /* Location */ = {
			isa = PBXGroup;
			children = (
				FA21F930296710A600F005A4 /* Services */,
				FA21F92F2967109600F005A4 /* Protocols */,
				FA0CAD9A29629A7300829673 /* Views */,
				FA0CAD8D2962965000829673 /* LocationModels.swift */,
			);
			path = Location;
			sourceTree = "<group>";
		};
		FA0CAD8B2962961600829673 /* Episode */ = {
			isa = PBXGroup;
			children = (
				FA21F93B2967152800F005A4 /* ViewModels */,
				FA658A67296540F600812E1A /* Services */,
				FA658A642965405000812E1A /* Protocols */,
				FA0CAD9929629A6E00829673 /* Views */,
				FA0CAD972962990200829673 /* EpisodeModels.swift */,
				FA658A6A2965437D00812E1A /* EpisodeResponseModels.swift */,
			);
			path = Episode;
			sourceTree = "<group>";
		};
		FA0CAD8C2962963100829673 /* Network */ = {
			isa = PBXGroup;
			children = (
				FA0CAD912962971200829673 /* SharedModel.swift */,
				FA658A6229653AA500812E1A /* RMNetworkClient.swift */,
			);
			path = Network;
			sourceTree = "<group>";
		};
		FA0CAD9929629A6E00829673 /* Views */ = {
			isa = PBXGroup;
			children = (
				FA0A85CB29648ECE0017BBC0 /* EpisodesView.swift */,
				FA0A85CD29648EE20017BBC0 /* EpisodeItemView.swift */,
			);
			path = Views;
			sourceTree = "<group>";
		};
		FA0CAD9A29629A7300829673 /* Views */ = {
			isa = PBXGroup;
			children = (
				FA0A85C72964864D0017BBC0 /* LocationView.swift */,
				FA0A85C9296486840017BBC0 /* LocationItemView.swift */,
			);
			path = Views;
			sourceTree = "<group>";
		};
		FA0CAD9B29629A7700829673 /* Views */ = {
			isa = PBXGroup;
			children = (
			);
			path = Views;
			sourceTree = "<group>";
		};
		FA0CAD9C29629BEA00829673 /* ViewModels */ = {
			isa = PBXGroup;
			children = (
			);
			path = ViewModels;
			sourceTree = "<group>";
		};
		FA0CAD9D29629C0C00829673 /* States */ = {
			isa = PBXGroup;
			children = (
				FA0CAD9E29629C3000829673 /* CharacterListViewStates.swift */,
			);
			path = States;
			sourceTree = "<group>";
		};
		FA21F92F2967109600F005A4 /* Protocols */ = {
			isa = PBXGroup;
			children = (
				FA21F931296710B500F005A4 /* LocationNetworkProtocol.swift */,
			);
			path = Protocols;
			sourceTree = "<group>";
		};
		FA21F930296710A600F005A4 /* Services */ = {
			isa = PBXGroup;
			children = (
				FA21F9362967118900F005A4 /* LocationNetworkService.swift */,
			);
			path = Services;
			sourceTree = "<group>";
		};
		FA21F9332967112B00F005A4 /* Protocols */ = {
			isa = PBXGroup;
			children = (
				FA21F9342967114200F005A4 /* CharacterNetworkProtocol.swift */,
			);
			path = Protocols;
			sourceTree = "<group>";
		};
		FA21F938296712CB00F005A4 /* Services */ = {
			isa = PBXGroup;
			children = (
				FA21F939296712D800F005A4 /* CharacterNetworkService.swift */,
			);
			path = Services;
			sourceTree = "<group>";
		};
		FA21F93B2967152800F005A4 /* ViewModels */ = {
			isa = PBXGroup;
			children = (
				FA21F93C2967153600F005A4 /* EpisodesViewModel.swift */,
			);
			path = ViewModels;
			sourceTree = "<group>";
		};
		FA658A642965405000812E1A /* Protocols */ = {
			isa = PBXGroup;
			children = (
				FA658A652965406A00812E1A /* EpisodeNetworkProtocol.swift */,
			);
			path = Protocols;
			sourceTree = "<group>";
		};
		FA658A67296540F600812E1A /* Services */ = {
			isa = PBXGroup;
			children = (
				FA658A682965411400812E1A /* EpisodeNetworkService.swift */,
			);
			path = Services;
			sourceTree = "<group>";
		};
/* End PBXGroup section */

/* Begin PBXNativeTarget section */
		FA0CAD5B296295BB00829673 /* RickAndMorty */ = {
			isa = PBXNativeTarget;
			buildConfigurationList = FA0CAD80296295BD00829673 /* Build configuration list for PBXNativeTarget "RickAndMorty" */;
			buildPhases = (
				FA0CAD58296295BB00829673 /* Sources */,
				FA0CAD59296295BB00829673 /* Frameworks */,
				FA0CAD5A296295BB00829673 /* Resources */,
			);
			buildRules = (
			);
			dependencies = (
			);
			name = RickAndMorty;
			productName = RickAndMorty;
			productReference = FA0CAD5C296295BB00829673 /* RickAndMorty.app */;
			productType = "com.apple.product-type.application";
		};
		FA0CAD6B296295BD00829673 /* RickAndMortyTests */ = {
			isa = PBXNativeTarget;
			buildConfigurationList = FA0CAD83296295BD00829673 /* Build configuration list for PBXNativeTarget "RickAndMortyTests" */;
			buildPhases = (
				FA0CAD68296295BD00829673 /* Sources */,
				FA0CAD69296295BD00829673 /* Frameworks */,
				FA0CAD6A296295BD00829673 /* Resources */,
			);
			buildRules = (
			);
			dependencies = (
				FA0CAD6E296295BD00829673 /* PBXTargetDependency */,
			);
			name = RickAndMortyTests;
			productName = RickAndMortyTests;
			productReference = FA0CAD6C296295BD00829673 /* RickAndMortyTests.xctest */;
			productType = "com.apple.product-type.bundle.unit-test";
		};
		FA0CAD75296295BD00829673 /* RickAndMortyUITests */ = {
			isa = PBXNativeTarget;
			buildConfigurationList = FA0CAD86296295BD00829673 /* Build configuration list for PBXNativeTarget "RickAndMortyUITests" */;
			buildPhases = (
				FA0CAD72296295BD00829673 /* Sources */,
				FA0CAD73296295BD00829673 /* Frameworks */,
				FA0CAD74296295BD00829673 /* Resources */,
			);
			buildRules = (
			);
			dependencies = (
				FA0CAD78296295BD00829673 /* PBXTargetDependency */,
			);
			name = RickAndMortyUITests;
			productName = RickAndMortyUITests;
			productReference = FA0CAD76296295BD00829673 /* RickAndMortyUITests.xctest */;
			productType = "com.apple.product-type.bundle.ui-testing";
		};
/* End PBXNativeTarget section */

/* Begin PBXProject section */
		FA0CAD54296295BB00829673 /* Project object */ = {
			isa = PBXProject;
			attributes = {
				BuildIndependentTargetsInParallel = 1;
				LastSwiftUpdateCheck = 1410;
				LastUpgradeCheck = 1410;
				TargetAttributes = {
					FA0CAD5B296295BB00829673 = {
						CreatedOnToolsVersion = 14.1;
					};
					FA0CAD6B296295BD00829673 = {
						CreatedOnToolsVersion = 14.1;
						TestTargetID = FA0CAD5B296295BB00829673;
					};
					FA0CAD75296295BD00829673 = {
						CreatedOnToolsVersion = 14.1;
						TestTargetID = FA0CAD5B296295BB00829673;
					};
				};
			};
			buildConfigurationList = FA0CAD57296295BB00829673 /* Build configuration list for PBXProject "RickAndMorty" */;
			compatibilityVersion = "Xcode 14.0";
			developmentRegion = en;
			hasScannedForEncodings = 0;
			knownRegions = (
				en,
				Base,
			);
			mainGroup = FA0CAD53296295BB00829673;
			productRefGroup = FA0CAD5D296295BB00829673 /* Products */;
			projectDirPath = "";
			projectRoot = "";
			targets = (
				FA0CAD5B296295BB00829673 /* RickAndMorty */,
				FA0CAD6B296295BD00829673 /* RickAndMortyTests */,
				FA0CAD75296295BD00829673 /* RickAndMortyUITests */,
			);
		};
/* End PBXProject section */

/* Begin PBXResourcesBuildPhase section */
		FA0CAD5A296295BB00829673 /* Resources */ = {
			isa = PBXResourcesBuildPhase;
			buildActionMask = 2147483647;
			files = (
				FA0CAD67296295BD00829673 /* Preview Assets.xcassets in Resources */,
				FA0CAD64296295BD00829673 /* Assets.xcassets in Resources */,
			);
			runOnlyForDeploymentPostprocessing = 0;
		};
		FA0CAD6A296295BD00829673 /* Resources */ = {
			isa = PBXResourcesBuildPhase;
			buildActionMask = 2147483647;
			files = (
			);
			runOnlyForDeploymentPostprocessing = 0;
		};
		FA0CAD74296295BD00829673 /* Resources */ = {
			isa = PBXResourcesBuildPhase;
			buildActionMask = 2147483647;
			files = (
			);
			runOnlyForDeploymentPostprocessing = 0;
		};
/* End PBXResourcesBuildPhase section */

/* Begin PBXSourcesBuildPhase section */
		FA0CAD58296295BB00829673 /* Sources */ = {
			isa = PBXSourcesBuildPhase;
			buildActionMask = 2147483647;
			files = (
				FA658A692965411400812E1A /* EpisodeNetworkService.swift in Sources */,
				FA21F9372967118900F005A4 /* LocationNetworkService.swift in Sources */,
				FA0A85CA296486840017BBC0 /* LocationItemView.swift in Sources */,
				FA0CAD8E2962965000829673 /* LocationModels.swift in Sources */,
				FA0A85C82964864D0017BBC0 /* LocationView.swift in Sources */,
				FA21F93A296712D800F005A4 /* CharacterNetworkService.swift in Sources */,
				FA21F93D2967153600F005A4 /* EpisodesViewModel.swift in Sources */,
				FA658A6B2965437D00812E1A /* EpisodeResponseModels.swift in Sources */,
				FA0CAD62296295BB00829673 /* ContentView.swift in Sources */,
				FA21F9352967114200F005A4 /* CharacterNetworkProtocol.swift in Sources */,
				FA0A85CC29648ECE0017BBC0 /* EpisodesView.swift in Sources */,
				FA0CAD96296297FF00829673 /* CharacterModels.swift in Sources */,
				FA0A85CE29648EE20017BBC0 /* EpisodeItemView.swift in Sources */,
				FA658A662965406A00812E1A /* EpisodeNetworkProtocol.swift in Sources */,
				FA0CAD60296295BB00829673 /* RickAndMortyApp.swift in Sources */,
				FA658A6329653AA500812E1A /* RMNetworkClient.swift in Sources */,
				FA21F932296710B500F005A4 /* LocationNetworkProtocol.swift in Sources */,
				FA0CAD922962971200829673 /* SharedModel.swift in Sources */,
				FA0CAD982962990200829673 /* EpisodeModels.swift in Sources */,
				FA0CAD9F29629C3000829673 /* CharacterListViewStates.swift in Sources */,
			);
			runOnlyForDeploymentPostprocessing = 0;
		};
		FA0CAD68296295BD00829673 /* Sources */ = {
			isa = PBXSourcesBuildPhase;
			buildActionMask = 2147483647;
			files = (
				FA0CAD71296295BD00829673 /* RickAndMortyTests.swift in Sources */,
			);
			runOnlyForDeploymentPostprocessing = 0;
		};
		FA0CAD72296295BD00829673 /* Sources */ = {
			isa = PBXSourcesBuildPhase;
			buildActionMask = 2147483647;
			files = (
				FA0CAD7B296295BD00829673 /* RickAndMortyUITests.swift in Sources */,
				FA0CAD7D296295BD00829673 /* RickAndMortyUITestsLaunchTests.swift in Sources */,
			);
			runOnlyForDeploymentPostprocessing = 0;
		};
/* End PBXSourcesBuildPhase section */

/* Begin PBXTargetDependency section */
		FA0CAD6E296295BD00829673 /* PBXTargetDependency */ = {
			isa = PBXTargetDependency;
			target = FA0CAD5B296295BB00829673 /* RickAndMorty */;
			targetProxy = FA0CAD6D296295BD00829673 /* PBXContainerItemProxy */;
		};
		FA0CAD78296295BD00829673 /* PBXTargetDependency */ = {
			isa = PBXTargetDependency;
			target = FA0CAD5B296295BB00829673 /* RickAndMorty */;
			targetProxy = FA0CAD77296295BD00829673 /* PBXContainerItemProxy */;
		};
/* End PBXTargetDependency section */

/* Begin XCBuildConfiguration section */
		FA0CAD7E296295BD00829673 /* Debug */ = {
			isa = XCBuildConfiguration;
			buildSettings = {
				ALWAYS_SEARCH_USER_PATHS = NO;
				CLANG_ANALYZER_NONNULL = YES;
				CLANG_ANALYZER_NUMBER_OBJECT_CONVERSION = YES_AGGRESSIVE;
				CLANG_CXX_LANGUAGE_STANDARD = "gnu++20";
				CLANG_ENABLE_MODULES = YES;
				CLANG_ENABLE_OBJC_ARC = YES;
				CLANG_ENABLE_OBJC_WEAK = YES;
				CLANG_WARN_BLOCK_CAPTURE_AUTORELEASING = YES;
				CLANG_WARN_BOOL_CONVERSION = YES;
				CLANG_WARN_COMMA = YES;
				CLANG_WARN_CONSTANT_CONVERSION = YES;
				CLANG_WARN_DEPRECATED_OBJC_IMPLEMENTATIONS = YES;
				CLANG_WARN_DIRECT_OBJC_ISA_USAGE = YES_ERROR;
				CLANG_WARN_DOCUMENTATION_COMMENTS = YES;
				CLANG_WARN_EMPTY_BODY = YES;
				CLANG_WARN_ENUM_CONVERSION = YES;
				CLANG_WARN_INFINITE_RECURSION = YES;
				CLANG_WARN_INT_CONVERSION = YES;
				CLANG_WARN_NON_LITERAL_NULL_CONVERSION = YES;
				CLANG_WARN_OBJC_IMPLICIT_RETAIN_SELF = YES;
				CLANG_WARN_OBJC_LITERAL_CONVERSION = YES;
				CLANG_WARN_OBJC_ROOT_CLASS = YES_ERROR;
				CLANG_WARN_QUOTED_INCLUDE_IN_FRAMEWORK_HEADER = YES;
				CLANG_WARN_RANGE_LOOP_ANALYSIS = YES;
				CLANG_WARN_STRICT_PROTOTYPES = YES;
				CLANG_WARN_SUSPICIOUS_MOVE = YES;
				CLANG_WARN_UNGUARDED_AVAILABILITY = YES_AGGRESSIVE;
				CLANG_WARN_UNREACHABLE_CODE = YES;
				CLANG_WARN__DUPLICATE_METHOD_MATCH = YES;
				COPY_PHASE_STRIP = NO;
				DEBUG_INFORMATION_FORMAT = dwarf;
				ENABLE_STRICT_OBJC_MSGSEND = YES;
				ENABLE_TESTABILITY = YES;
				GCC_C_LANGUAGE_STANDARD = gnu11;
				GCC_DYNAMIC_NO_PIC = NO;
				GCC_NO_COMMON_BLOCKS = YES;
				GCC_OPTIMIZATION_LEVEL = 0;
				GCC_PREPROCESSOR_DEFINITIONS = (
					"DEBUG=1",
					"$(inherited)",
				);
				GCC_WARN_64_TO_32_BIT_CONVERSION = YES;
				GCC_WARN_ABOUT_RETURN_TYPE = YES_ERROR;
				GCC_WARN_UNDECLARED_SELECTOR = YES;
				GCC_WARN_UNINITIALIZED_AUTOS = YES_AGGRESSIVE;
				GCC_WARN_UNUSED_FUNCTION = YES;
				GCC_WARN_UNUSED_VARIABLE = YES;
				IPHONEOS_DEPLOYMENT_TARGET = 16.1;
				MTL_ENABLE_DEBUG_INFO = INCLUDE_SOURCE;
				MTL_FAST_MATH = YES;
				ONLY_ACTIVE_ARCH = YES;
				SDKROOT = iphoneos;
				SWIFT_ACTIVE_COMPILATION_CONDITIONS = DEBUG;
				SWIFT_OPTIMIZATION_LEVEL = "-Onone";
			};
			name = Debug;
		};
		FA0CAD7F296295BD00829673 /* Release */ = {
			isa = XCBuildConfiguration;
			buildSettings = {
				ALWAYS_SEARCH_USER_PATHS = NO;
				CLANG_ANALYZER_NONNULL = YES;
				CLANG_ANALYZER_NUMBER_OBJECT_CONVERSION = YES_AGGRESSIVE;
				CLANG_CXX_LANGUAGE_STANDARD = "gnu++20";
				CLANG_ENABLE_MODULES = YES;
				CLANG_ENABLE_OBJC_ARC = YES;
				CLANG_ENABLE_OBJC_WEAK = YES;
				CLANG_WARN_BLOCK_CAPTURE_AUTORELEASING = YES;
				CLANG_WARN_BOOL_CONVERSION = YES;
				CLANG_WARN_COMMA = YES;
				CLANG_WARN_CONSTANT_CONVERSION = YES;
				CLANG_WARN_DEPRECATED_OBJC_IMPLEMENTATIONS = YES;
				CLANG_WARN_DIRECT_OBJC_ISA_USAGE = YES_ERROR;
				CLANG_WARN_DOCUMENTATION_COMMENTS = YES;
				CLANG_WARN_EMPTY_BODY = YES;
				CLANG_WARN_ENUM_CONVERSION = YES;
				CLANG_WARN_INFINITE_RECURSION = YES;
				CLANG_WARN_INT_CONVERSION = YES;
				CLANG_WARN_NON_LITERAL_NULL_CONVERSION = YES;
				CLANG_WARN_OBJC_IMPLICIT_RETAIN_SELF = YES;
				CLANG_WARN_OBJC_LITERAL_CONVERSION = YES;
				CLANG_WARN_OBJC_ROOT_CLASS = YES_ERROR;
				CLANG_WARN_QUOTED_INCLUDE_IN_FRAMEWORK_HEADER = YES;
				CLANG_WARN_RANGE_LOOP_ANALYSIS = YES;
				CLANG_WARN_STRICT_PROTOTYPES = YES;
				CLANG_WARN_SUSPICIOUS_MOVE = YES;
				CLANG_WARN_UNGUARDED_AVAILABILITY = YES_AGGRESSIVE;
				CLANG_WARN_UNREACHABLE_CODE = YES;
				CLANG_WARN__DUPLICATE_METHOD_MATCH = YES;
				COPY_PHASE_STRIP = NO;
				DEBUG_INFORMATION_FORMAT = "dwarf-with-dsym";
				ENABLE_NS_ASSERTIONS = NO;
				ENABLE_STRICT_OBJC_MSGSEND = YES;
				GCC_C_LANGUAGE_STANDARD = gnu11;
				GCC_NO_COMMON_BLOCKS = YES;
				GCC_WARN_64_TO_32_BIT_CONVERSION = YES;
				GCC_WARN_ABOUT_RETURN_TYPE = YES_ERROR;
				GCC_WARN_UNDECLARED_SELECTOR = YES;
				GCC_WARN_UNINITIALIZED_AUTOS = YES_AGGRESSIVE;
				GCC_WARN_UNUSED_FUNCTION = YES;
				GCC_WARN_UNUSED_VARIABLE = YES;
				IPHONEOS_DEPLOYMENT_TARGET = 16.1;
				MTL_ENABLE_DEBUG_INFO = NO;
				MTL_FAST_MATH = YES;
				SDKROOT = iphoneos;
				SWIFT_COMPILATION_MODE = wholemodule;
				SWIFT_OPTIMIZATION_LEVEL = "-O";
				VALIDATE_PRODUCT = YES;
			};
			name = Release;
		};
		FA0CAD81296295BD00829673 /* Debug */ = {
			isa = XCBuildConfiguration;
			buildSettings = {
				ASSETCATALOG_COMPILER_APPICON_NAME = AppIcon;
				ASSETCATALOG_COMPILER_GLOBAL_ACCENT_COLOR_NAME = AccentColor;
				CODE_SIGN_STYLE = Automatic;
				CURRENT_PROJECT_VERSION = 1;
				DEVELOPMENT_ASSET_PATHS = "\"RickAndMorty/Preview Content\"";
				DEVELOPMENT_TEAM = 865J8T3287;
				ENABLE_PREVIEWS = YES;
				GENERATE_INFOPLIST_FILE = YES;
				INFOPLIST_KEY_UIApplicationSceneManifest_Generation = YES;
				INFOPLIST_KEY_UIApplicationSupportsIndirectInputEvents = YES;
				INFOPLIST_KEY_UILaunchScreen_Generation = YES;
				INFOPLIST_KEY_UISupportedInterfaceOrientations_iPad = "UIInterfaceOrientationPortrait UIInterfaceOrientationPortraitUpsideDown UIInterfaceOrientationLandscapeLeft UIInterfaceOrientationLandscapeRight";
				INFOPLIST_KEY_UISupportedInterfaceOrientations_iPhone = "UIInterfaceOrientationPortrait UIInterfaceOrientationLandscapeLeft UIInterfaceOrientationLandscapeRight";
				LD_RUNPATH_SEARCH_PATHS = (
					"$(inherited)",
					"@executable_path/Frameworks",
				);
				MARKETING_VERSION = 1.0;
				PRODUCT_BUNDLE_IDENTIFIER = com.nexus.RickAndMorty;
				PRODUCT_NAME = "$(TARGET_NAME)";
				SWIFT_EMIT_LOC_STRINGS = YES;
				SWIFT_VERSION = 5.0;
				TARGETED_DEVICE_FAMILY = "1,2";
			};
			name = Debug;
		};
		FA0CAD82296295BD00829673 /* Release */ = {
			isa = XCBuildConfiguration;
			buildSettings = {
				ASSETCATALOG_COMPILER_APPICON_NAME = AppIcon;
				ASSETCATALOG_COMPILER_GLOBAL_ACCENT_COLOR_NAME = AccentColor;
				CODE_SIGN_STYLE = Automatic;
				CURRENT_PROJECT_VERSION = 1;
				DEVELOPMENT_ASSET_PATHS = "\"RickAndMorty/Preview Content\"";
				DEVELOPMENT_TEAM = 865J8T3287;
				ENABLE_PREVIEWS = YES;
				GENERATE_INFOPLIST_FILE = YES;
				INFOPLIST_KEY_UIApplicationSceneManifest_Generation = YES;
				INFOPLIST_KEY_UIApplicationSupportsIndirectInputEvents = YES;
				INFOPLIST_KEY_UILaunchScreen_Generation = YES;
				INFOPLIST_KEY_UISupportedInterfaceOrientations_iPad = "UIInterfaceOrientationPortrait UIInterfaceOrientationPortraitUpsideDown UIInterfaceOrientationLandscapeLeft UIInterfaceOrientationLandscapeRight";
				INFOPLIST_KEY_UISupportedInterfaceOrientations_iPhone = "UIInterfaceOrientationPortrait UIInterfaceOrientationLandscapeLeft UIInterfaceOrientationLandscapeRight";
				LD_RUNPATH_SEARCH_PATHS = (
					"$(inherited)",
					"@executable_path/Frameworks",
				);
				MARKETING_VERSION = 1.0;
				PRODUCT_BUNDLE_IDENTIFIER = com.nexus.RickAndMorty;
				PRODUCT_NAME = "$(TARGET_NAME)";
				SWIFT_EMIT_LOC_STRINGS = YES;
				SWIFT_VERSION = 5.0;
				TARGETED_DEVICE_FAMILY = "1,2";
			};
			name = Release;
		};
		FA0CAD84296295BD00829673 /* Debug */ = {
			isa = XCBuildConfiguration;
			buildSettings = {
				ALWAYS_EMBED_SWIFT_STANDARD_LIBRARIES = YES;
				BUNDLE_LOADER = "$(TEST_HOST)";
				CODE_SIGN_STYLE = Automatic;
				CURRENT_PROJECT_VERSION = 1;
				DEVELOPMENT_TEAM = 865J8T3287;
				GENERATE_INFOPLIST_FILE = YES;
				IPHONEOS_DEPLOYMENT_TARGET = 16.1;
				MARKETING_VERSION = 1.0;
				PRODUCT_BUNDLE_IDENTIFIER = com.nexus.RickAndMortyTests;
				PRODUCT_NAME = "$(TARGET_NAME)";
				SWIFT_EMIT_LOC_STRINGS = NO;
				SWIFT_VERSION = 5.0;
				TARGETED_DEVICE_FAMILY = "1,2";
				TEST_HOST = "$(BUILT_PRODUCTS_DIR)/RickAndMorty.app/$(BUNDLE_EXECUTABLE_FOLDER_PATH)/RickAndMorty";
			};
			name = Debug;
		};
		FA0CAD85296295BD00829673 /* Release */ = {
			isa = XCBuildConfiguration;
			buildSettings = {
				ALWAYS_EMBED_SWIFT_STANDARD_LIBRARIES = YES;
				BUNDLE_LOADER = "$(TEST_HOST)";
				CODE_SIGN_STYLE = Automatic;
				CURRENT_PROJECT_VERSION = 1;
				DEVELOPMENT_TEAM = 865J8T3287;
				GENERATE_INFOPLIST_FILE = YES;
				IPHONEOS_DEPLOYMENT_TARGET = 16.1;
				MARKETING_VERSION = 1.0;
				PRODUCT_BUNDLE_IDENTIFIER = com.nexus.RickAndMortyTests;
				PRODUCT_NAME = "$(TARGET_NAME)";
				SWIFT_EMIT_LOC_STRINGS = NO;
				SWIFT_VERSION = 5.0;
				TARGETED_DEVICE_FAMILY = "1,2";
				TEST_HOST = "$(BUILT_PRODUCTS_DIR)/RickAndMorty.app/$(BUNDLE_EXECUTABLE_FOLDER_PATH)/RickAndMorty";
			};
			name = Release;
		};
		FA0CAD87296295BD00829673 /* Debug */ = {
			isa = XCBuildConfiguration;
			buildSettings = {
				ALWAYS_EMBED_SWIFT_STANDARD_LIBRARIES = YES;
				CODE_SIGN_STYLE = Automatic;
				CURRENT_PROJECT_VERSION = 1;
				DEVELOPMENT_TEAM = 865J8T3287;
				GENERATE_INFOPLIST_FILE = YES;
				MARKETING_VERSION = 1.0;
				PRODUCT_BUNDLE_IDENTIFIER = com.nexus.RickAndMortyUITests;
				PRODUCT_NAME = "$(TARGET_NAME)";
				SWIFT_EMIT_LOC_STRINGS = NO;
				SWIFT_VERSION = 5.0;
				TARGETED_DEVICE_FAMILY = "1,2";
				TEST_TARGET_NAME = RickAndMorty;
			};
			name = Debug;
		};
		FA0CAD88296295BD00829673 /* Release */ = {
			isa = XCBuildConfiguration;
			buildSettings = {
				ALWAYS_EMBED_SWIFT_STANDARD_LIBRARIES = YES;
				CODE_SIGN_STYLE = Automatic;
				CURRENT_PROJECT_VERSION = 1;
				DEVELOPMENT_TEAM = 865J8T3287;
				GENERATE_INFOPLIST_FILE = YES;
				MARKETING_VERSION = 1.0;
				PRODUCT_BUNDLE_IDENTIFIER = com.nexus.RickAndMortyUITests;
				PRODUCT_NAME = "$(TARGET_NAME)";
				SWIFT_EMIT_LOC_STRINGS = NO;
				SWIFT_VERSION = 5.0;
				TARGETED_DEVICE_FAMILY = "1,2";
				TEST_TARGET_NAME = RickAndMorty;
			};
			name = Release;
		};
/* End XCBuildConfiguration section */

/* Begin XCConfigurationList section */
		FA0CAD57296295BB00829673 /* Build configuration list for PBXProject "RickAndMorty" */ = {
			isa = XCConfigurationList;
			buildConfigurations = (
				FA0CAD7E296295BD00829673 /* Debug */,
				FA0CAD7F296295BD00829673 /* Release */,
			);
			defaultConfigurationIsVisible = 0;
			defaultConfigurationName = Release;
		};
		FA0CAD80296295BD00829673 /* Build configuration list for PBXNativeTarget "RickAndMorty" */ = {
			isa = XCConfigurationList;
			buildConfigurations = (
				FA0CAD81296295BD00829673 /* Debug */,
				FA0CAD82296295BD00829673 /* Release */,
			);
			defaultConfigurationIsVisible = 0;
			defaultConfigurationName = Release;
		};
		FA0CAD83296295BD00829673 /* Build configuration list for PBXNativeTarget "RickAndMortyTests" */ = {
			isa = XCConfigurationList;
			buildConfigurations = (
				FA0CAD84296295BD00829673 /* Debug */,
				FA0CAD85296295BD00829673 /* Release */,
			);
			defaultConfigurationIsVisible = 0;
			defaultConfigurationName = Release;
		};
		FA0CAD86296295BD00829673 /* Build configuration list for PBXNativeTarget "RickAndMortyUITests" */ = {
			isa = XCConfigurationList;
			buildConfigurations = (
				FA0CAD87296295BD00829673 /* Debug */,
				FA0CAD88296295BD00829673 /* Release */,
			);
			defaultConfigurationIsVisible = 0;
			defaultConfigurationName = Release;
		};
/* End XCConfigurationList section */
	};
	rootObject = FA0CAD54296295BB00829673 /* Project object */;
}
